Microsoft Visual Studio Solution File, Format Version 12.00
# Visual Studio Version 17
VisualStudioVersion = 17.5.2.0
MinimumVisualStudioVersion = 10.0.40219.1
Project("{2150E333-8FDC-42A3-9474-1A3956D46DE8}") = "api", "api", "{D82C56D6-B2CD-F611-9E31-04638F7EC30E}"
EndProject
Project("{FAE04EC0-301F-11D3-BF4B-00C04F79EFBC}") = "IconGenerator.Functions", "api\IconGenerator.Functions.csproj", "{ECC844B5-9452-8E5B-3BFD-5382CE27E83F}"
EndProject
Project("{FAE04EC0-301F-11D3-BF4B-00C04F79EFBC}") = "IconGenerator.Tests", "Tests\IconGenerator.Tests.csproj", "{A8F7C3D9-1234-5678-9ABC-DEF012345678}"
EndProject
Project("{2150E333-8FDC-42A3-9474-1A3956D46DE8}") = "webapp", "webapp", "{7E50A06F-A38B-7BE7-1137-409223B8AEF0}"
EndProject
Global
	GlobalSection(SolutionConfigurationPlatforms) = preSolution
		Debug|Any CPU = Debug|Any CPU
		Release|Any CPU = Release|Any CPU
	EndGlobalSection
	GlobalSection(ProjectConfigurationPlatforms) = postSolution
		{ECC844B5-9452-8E5B-3BFD-5382CE27E83F}.Debug|Any CPU.ActiveCfg = Debug|Any CPU
		{ECC844B5-9452-8E5B-3BFD-5382CE27E83F}.Debug|Any CPU.Build.0 = Debug|Any CPU
		{ECC844B5-9452-8E5B-3BFD-5382CE27E83F}.Release|Any CPU.ActiveCfg = Release|Any CPU
		{ECC844B5-9452-8E5B-3BFD-5382CE27E83F}.Release|Any CPU.Build.0 = Release|Any CPU
		{A8F7C3D9-1234-5678-9ABC-DEF012345678}.Debug|Any CPU.ActiveCfg = Debug|Any CPU
		{A8F7C3D9-1234-5678-9ABC-DEF012345678}.Debug|Any CPU.Build.0 = Debug|Any CPU
		{A8F7C3D9-1234-5678-9ABC-DEF012345678}.Release|Any CPU.ActiveCfg = Release|Any CPU
		{A8F7C3D9-1234-5678-9ABC-DEF012345678}.Release|Any CPU.Build.0 = Release|Any CPU
	EndGlobalSection
	GlobalSection(SolutionProperties) = preSolution
		HideSolutionNode = FALSE
	EndGlobalSection
	GlobalSection(NestedProjects) = preSolution
		{ECC844B5-9452-8E5B-3BFD-5382CE27E83F} = {D82C56D6-B2CD-F611-9E31-04638F7EC30E}
	EndGlobalSection
	GlobalSection(ExtensibilityGlobals) = postSolution
		SolutionGuid = {B9E6EDFE-CC74-40DA-A5D2-0BEA9AA34F1B}
	EndGlobalSection
EndGlobal
